// !$*UTF8*$!
{
	archiveVersion = 1;
	classes = {
	};
	objectVersion = 46;
	objects = {

/* Begin PBXBuildFile section */
		F41C717A1AC22E6C00F98113 /* Crashlytics.framework in Frameworks */ = {isa = PBXBuildFile; fileRef = F41C71781AC22E6C00F98113 /* Crashlytics.framework */; };
		F41C717B1AC22E6C00F98113 /* Fabric.framework in Frameworks */ = {isa = PBXBuildFile; fileRef = F41C71791AC22E6C00F98113 /* Fabric.framework */; };
		F4EEE9E31AB8A1410049CD6C /* AppDelegate.swift in Sources */ = {isa = PBXBuildFile; fileRef = F4EEE9E21AB8A1410049CD6C /* AppDelegate.swift */; };
		F4EEE9E51AB8A1410049CD6C /* ViewController.swift in Sources */ = {isa = PBXBuildFile; fileRef = F4EEE9E41AB8A1410049CD6C /* ViewController.swift */; };
		F4EEE9E81AB8A1410049CD6C /* Main.storyboard in Resources */ = {isa = PBXBuildFile; fileRef = F4EEE9E61AB8A1410049CD6C /* Main.storyboard */; };
		F4EEE9EA1AB8A1410049CD6C /* Images.xcassets in Resources */ = {isa = PBXBuildFile; fileRef = F4EEE9E91AB8A1410049CD6C /* Images.xcassets */; };
		F4EEE9ED1AB8A1410049CD6C /* LaunchScreen.xib in Resources */ = {isa = PBXBuildFile; fileRef = F4EEE9EB1AB8A1410049CD6C /* LaunchScreen.xib */; };
		F4EEE9F91AB8A1410049CD6C /* KnuffTests.swift in Sources */ = {isa = PBXBuildFile; fileRef = F4EEE9F81AB8A1410049CD6C /* KnuffTests.swift */; };
/* End PBXBuildFile section */

/* Begin PBXContainerItemProxy section */
		F4EEE9F31AB8A1410049CD6C /* PBXContainerItemProxy */ = {
			isa = PBXContainerItemProxy;
			containerPortal = F4EEE9D51AB8A1410049CD6C /* Project object */;
			proxyType = 1;
			remoteGlobalIDString = F4EEE9DC1AB8A1410049CD6C;
			remoteInfo = Knuff;
		};
/* End PBXContainerItemProxy section */

/* Begin PBXFileReference section */
		F41C71781AC22E6C00F98113 /* Crashlytics.framework */ = {isa = PBXFileReference; lastKnownFileType = wrapper.framework; path = Crashlytics.framework; sourceTree = SOURCE_ROOT; };
		F41C71791AC22E6C00F98113 /* Fabric.framework */ = {isa = PBXFileReference; lastKnownFileType = wrapper.framework; path = Fabric.framework; sourceTree = SOURCE_ROOT; };
		F4EEE9DD1AB8A1410049CD6C /* Knuff.app */ = {isa = PBXFileReference; explicitFileType = wrapper.application; includeInIndex = 0; path = Knuff.app; sourceTree = BUILT_PRODUCTS_DIR; };
		F4EEE9E11AB8A1410049CD6C /* Info.plist */ = {isa = PBXFileReference; lastKnownFileType = text.plist.xml; path = Info.plist; sourceTree = "<group>"; };
		F4EEE9E21AB8A1410049CD6C /* AppDelegate.swift */ = {isa = PBXFileReference; lastKnownFileType = sourcecode.swift; path = AppDelegate.swift; sourceTree = "<group>"; };
		F4EEE9E41AB8A1410049CD6C /* ViewController.swift */ = {isa = PBXFileReference; lastKnownFileType = sourcecode.swift; path = ViewController.swift; sourceTree = "<group>"; };
		F4EEE9E71AB8A1410049CD6C /* Base */ = {isa = PBXFileReference; lastKnownFileType = file.storyboard; name = Base; path = Base.lproj/Main.storyboard; sourceTree = "<group>"; };
		F4EEE9E91AB8A1410049CD6C /* Images.xcassets */ = {isa = PBXFileReference; lastKnownFileType = folder.assetcatalog; path = Images.xcassets; sourceTree = "<group>"; };
		F4EEE9EC1AB8A1410049CD6C /* Base */ = {isa = PBXFileReference; lastKnownFileType = file.xib; name = Base; path = Base.lproj/LaunchScreen.xib; sourceTree = "<group>"; };
		F4EEE9F21AB8A1410049CD6C /* KnuffTests.xctest */ = {isa = PBXFileReference; explicitFileType = wrapper.cfbundle; includeInIndex = 0; path = KnuffTests.xctest; sourceTree = BUILT_PRODUCTS_DIR; };
		F4EEE9F71AB8A1410049CD6C /* Info.plist */ = {isa = PBXFileReference; lastKnownFileType = text.plist.xml; path = Info.plist; sourceTree = "<group>"; };
		F4EEE9F81AB8A1410049CD6C /* KnuffTests.swift */ = {isa = PBXFileReference; lastKnownFileType = sourcecode.swift; path = KnuffTests.swift; sourceTree = "<group>"; };
/* End PBXFileReference section */

/* Begin PBXFrameworksBuildPhase section */
		F4EEE9DA1AB8A1410049CD6C /* Frameworks */ = {
			isa = PBXFrameworksBuildPhase;
			buildActionMask = 2147483647;
			files = (
				F41C717A1AC22E6C00F98113 /* Crashlytics.framework in Frameworks */,
				F41C717B1AC22E6C00F98113 /* Fabric.framework in Frameworks */,
			);
			runOnlyForDeploymentPostprocessing = 0;
		};
		F4EEE9EF1AB8A1410049CD6C /* Frameworks */ = {
			isa = PBXFrameworksBuildPhase;
			buildActionMask = 2147483647;
			files = (
			);
			runOnlyForDeploymentPostprocessing = 0;
		};
/* End PBXFrameworksBuildPhase section */

/* Begin PBXGroup section */
		F4EEE9D41AB8A1410049CD6C = {
			isa = PBXGroup;
			children = (
				F4EEE9DF1AB8A1410049CD6C /* Knuff */,
				F4EEE9F51AB8A1410049CD6C /* KnuffTests */,
				F4EEE9DE1AB8A1410049CD6C /* Products */,
			);
			sourceTree = "<group>";
		};
		F4EEE9DE1AB8A1410049CD6C /* Products */ = {
			isa = PBXGroup;
			children = (
				F4EEE9DD1AB8A1410049CD6C /* Knuff.app */,
				F4EEE9F21AB8A1410049CD6C /* KnuffTests.xctest */,
			);
			name = Products;
			sourceTree = "<group>";
		};
		F4EEE9DF1AB8A1410049CD6C /* Knuff */ = {
			isa = PBXGroup;
			children = (
				F41C71781AC22E6C00F98113 /* Crashlytics.framework */,
				F41C71791AC22E6C00F98113 /* Fabric.framework */,
				F4EEE9E21AB8A1410049CD6C /* AppDelegate.swift */,
				F4EEE9E41AB8A1410049CD6C /* ViewController.swift */,
				F4EEE9E61AB8A1410049CD6C /* Main.storyboard */,
				F4EEE9E91AB8A1410049CD6C /* Images.xcassets */,
				F4EEE9EB1AB8A1410049CD6C /* LaunchScreen.xib */,
				F4EEE9E01AB8A1410049CD6C /* Supporting Files */,
			);
			path = Knuff;
			sourceTree = "<group>";
		};
		F4EEE9E01AB8A1410049CD6C /* Supporting Files */ = {
			isa = PBXGroup;
			children = (
				F4EEE9E11AB8A1410049CD6C /* Info.plist */,
			);
			name = "Supporting Files";
			sourceTree = "<group>";
		};
		F4EEE9F51AB8A1410049CD6C /* KnuffTests */ = {
			isa = PBXGroup;
			children = (
				F4EEE9F81AB8A1410049CD6C /* KnuffTests.swift */,
				F4EEE9F61AB8A1410049CD6C /* Supporting Files */,
			);
			path = KnuffTests;
			sourceTree = "<group>";
		};
		F4EEE9F61AB8A1410049CD6C /* Supporting Files */ = {
			isa = PBXGroup;
			children = (
				F4EEE9F71AB8A1410049CD6C /* Info.plist */,
			);
			name = "Supporting Files";
			sourceTree = "<group>";
		};
/* End PBXGroup section */

/* Begin PBXNativeTarget section */
		F4EEE9DC1AB8A1410049CD6C /* Knuff */ = {
			isa = PBXNativeTarget;
			buildConfigurationList = F4EEE9FC1AB8A1410049CD6C /* Build configuration list for PBXNativeTarget "Knuff" */;
			buildPhases = (
				F4EEE9D91AB8A1410049CD6C /* Sources */,
				F4EEE9DA1AB8A1410049CD6C /* Frameworks */,
				F4EEE9DB1AB8A1410049CD6C /* Resources */,
				F41C71771AC22E0900F98113 /* ShellScript */,
			);
			buildRules = (
			);
			dependencies = (
			);
			name = Knuff;
			productName = Knuff;
			productReference = F4EEE9DD1AB8A1410049CD6C /* Knuff.app */;
			productType = "com.apple.product-type.application";
		};
		F4EEE9F11AB8A1410049CD6C /* KnuffTests */ = {
			isa = PBXNativeTarget;
			buildConfigurationList = F4EEE9FF1AB8A1410049CD6C /* Build configuration list for PBXNativeTarget "KnuffTests" */;
			buildPhases = (
				F4EEE9EE1AB8A1410049CD6C /* Sources */,
				F4EEE9EF1AB8A1410049CD6C /* Frameworks */,
				F4EEE9F01AB8A1410049CD6C /* Resources */,
			);
			buildRules = (
			);
			dependencies = (
				F4EEE9F41AB8A1410049CD6C /* PBXTargetDependency */,
			);
			name = KnuffTests;
			productName = KnuffTests;
			productReference = F4EEE9F21AB8A1410049CD6C /* KnuffTests.xctest */;
			productType = "com.apple.product-type.bundle.unit-test";
		};
/* End PBXNativeTarget section */

/* Begin PBXProject section */
		F4EEE9D51AB8A1410049CD6C /* Project object */ = {
			isa = PBXProject;
			attributes = {
				LastUpgradeCheck = 0630;
				ORGANIZATIONNAME = Bowtie;
				TargetAttributes = {
					F4EEE9DC1AB8A1410049CD6C = {
						CreatedOnToolsVersion = 6.3;
					};
					F4EEE9F11AB8A1410049CD6C = {
						CreatedOnToolsVersion = 6.3;
						TestTargetID = F4EEE9DC1AB8A1410049CD6C;
					};
				};
			};
			buildConfigurationList = F4EEE9D81AB8A1410049CD6C /* Build configuration list for PBXProject "Knuff" */;
			compatibilityVersion = "Xcode 3.2";
			developmentRegion = English;
			hasScannedForEncodings = 0;
			knownRegions = (
				en,
				Base,
			);
			mainGroup = F4EEE9D41AB8A1410049CD6C;
			productRefGroup = F4EEE9DE1AB8A1410049CD6C /* Products */;
			projectDirPath = "";
			projectRoot = "";
			targets = (
				F4EEE9DC1AB8A1410049CD6C /* Knuff */,
				F4EEE9F11AB8A1410049CD6C /* KnuffTests */,
			);
		};
/* End PBXProject section */

/* Begin PBXResourcesBuildPhase section */
		F4EEE9DB1AB8A1410049CD6C /* Resources */ = {
			isa = PBXResourcesBuildPhase;
			buildActionMask = 2147483647;
			files = (
				F4EEE9E81AB8A1410049CD6C /* Main.storyboard in Resources */,
				F4EEE9ED1AB8A1410049CD6C /* LaunchScreen.xib in Resources */,
				F4EEE9EA1AB8A1410049CD6C /* Images.xcassets in Resources */,
			);
			runOnlyForDeploymentPostprocessing = 0;
		};
		F4EEE9F01AB8A1410049CD6C /* Resources */ = {
			isa = PBXResourcesBuildPhase;
			buildActionMask = 2147483647;
			files = (
			);
			runOnlyForDeploymentPostprocessing = 0;
		};
/* End PBXResourcesBuildPhase section */

/* Begin PBXShellScriptBuildPhase section */
		F41C71771AC22E0900F98113 /* ShellScript */ = {
			isa = PBXShellScriptBuildPhase;
			buildActionMask = 2147483647;
			files = (
			);
			inputPaths = (
			);
			outputPaths = (
			);
			runOnlyForDeploymentPostprocessing = 0;
			shellPath = /bin/sh;
			shellScript = "./Fabric.framework/run a944252ee77026be3648fe128dd36d4038925030 84cbc9fe10648575ebfe5cd5c815eeec6b6e3d27336836f293fa8a5ddd72b2c0";
		};
/* End PBXShellScriptBuildPhase section */

/* Begin PBXSourcesBuildPhase section */
		F4EEE9D91AB8A1410049CD6C /* Sources */ = {
			isa = PBXSourcesBuildPhase;
			buildActionMask = 2147483647;
			files = (
				F4EEE9E51AB8A1410049CD6C /* ViewController.swift in Sources */,
				F4EEE9E31AB8A1410049CD6C /* AppDelegate.swift in Sources */,
			);
			runOnlyForDeploymentPostprocessing = 0;
		};
		F4EEE9EE1AB8A1410049CD6C /* Sources */ = {
			isa = PBXSourcesBuildPhase;
			buildActionMask = 2147483647;
			files = (
				F4EEE9F91AB8A1410049CD6C /* KnuffTests.swift in Sources */,
			);
			runOnlyForDeploymentPostprocessing = 0;
		};
/* End PBXSourcesBuildPhase section */

/* Begin PBXTargetDependency section */
		F4EEE9F41AB8A1410049CD6C /* PBXTargetDependency */ = {
			isa = PBXTargetDependency;
			target = F4EEE9DC1AB8A1410049CD6C /* Knuff */;
			targetProxy = F4EEE9F31AB8A1410049CD6C /* PBXContainerItemProxy */;
		};
/* End PBXTargetDependency section */

/* Begin PBXVariantGroup section */
		F4EEE9E61AB8A1410049CD6C /* Main.storyboard */ = {
			isa = PBXVariantGroup;
			children = (
				F4EEE9E71AB8A1410049CD6C /* Base */,
			);
			name = Main.storyboard;
			sourceTree = "<group>";
		};
		F4EEE9EB1AB8A1410049CD6C /* LaunchScreen.xib */ = {
			isa = PBXVariantGroup;
			children = (
				F4EEE9EC1AB8A1410049CD6C /* Base */,
			);
			name = LaunchScreen.xib;
			sourceTree = "<group>";
		};
/* End PBXVariantGroup section */

/* Begin XCBuildConfiguration section */
		F4EEE9FA1AB8A1410049CD6C /* Debug */ = {
			isa = XCBuildConfiguration;
			buildSettings = {
				ALWAYS_SEARCH_USER_PATHS = NO;
				CLANG_CXX_LANGUAGE_STANDARD = "gnu++0x";
				CLANG_CXX_LIBRARY = "libc++";
				CLANG_ENABLE_MODULES = YES;
				CLANG_ENABLE_OBJC_ARC = YES;
				CLANG_WARN_BOOL_CONVERSION = YES;
				CLANG_WARN_CONSTANT_CONVERSION = YES;
				CLANG_WARN_DIRECT_OBJC_ISA_USAGE = YES_ERROR;
				CLANG_WARN_EMPTY_BODY = YES;
				CLANG_WARN_ENUM_CONVERSION = YES;
				CLANG_WARN_INT_CONVERSION = YES;
				CLANG_WARN_OBJC_ROOT_CLASS = YES_ERROR;
				CLANG_WARN_UNREACHABLE_CODE = YES;
				CLANG_WARN__DUPLICATE_METHOD_MATCH = YES;
				"CODE_SIGN_IDENTITY[sdk=iphoneos*]" = "iPhone Developer";
				COPY_PHASE_STRIP = NO;
				DEBUG_INFORMATION_FORMAT = dwarf;
				ENABLE_STRICT_OBJC_MSGSEND = YES;
				GCC_C_LANGUAGE_STANDARD = gnu99;
				GCC_DYNAMIC_NO_PIC = NO;
				GCC_NO_COMMON_BLOCKS = YES;
				GCC_OPTIMIZATION_LEVEL = 0;
				GCC_PREPROCESSOR_DEFINITIONS = (
					"DEBUG=1",
					"$(inherited)",
				);
				GCC_SYMBOLS_PRIVATE_EXTERN = NO;
				GCC_WARN_64_TO_32_BIT_CONVERSION = YES;
				GCC_WARN_ABOUT_RETURN_TYPE = YES_ERROR;
				GCC_WARN_UNDECLARED_SELECTOR = YES;
				GCC_WARN_UNINITIALIZED_AUTOS = YES_AGGRESSIVE;
				GCC_WARN_UNUSED_FUNCTION = YES;
				GCC_WARN_UNUSED_VARIABLE = YES;
				IPHONEOS_DEPLOYMENT_TARGET = 8.0;
				MTL_ENABLE_DEBUG_INFO = YES;
				ONLY_ACTIVE_ARCH = YES;
				SDKROOT = iphoneos;
				SWIFT_OPTIMIZATION_LEVEL = "-Onone";
				TARGETED_DEVICE_FAMILY = "1,2";
			};
			name = Debug;
		};
		F4EEE9FB1AB8A1410049CD6C /* Release */ = {
			isa = XCBuildConfiguration;
			buildSettings = {
				ALWAYS_SEARCH_USER_PATHS = NO;
				CLANG_CXX_LANGUAGE_STANDARD = "gnu++0x";
				CLANG_CXX_LIBRARY = "libc++";
				CLANG_ENABLE_MODULES = YES;
				CLANG_ENABLE_OBJC_ARC = YES;
				CLANG_WARN_BOOL_CONVERSION = YES;
				CLANG_WARN_CONSTANT_CONVERSION = YES;
				CLANG_WARN_DIRECT_OBJC_ISA_USAGE = YES_ERROR;
				CLANG_WARN_EMPTY_BODY = YES;
				CLANG_WARN_ENUM_CONVERSION = YES;
				CLANG_WARN_INT_CONVERSION = YES;
				CLANG_WARN_OBJC_ROOT_CLASS = YES_ERROR;
				CLANG_WARN_UNREACHABLE_CODE = YES;
				CLANG_WARN__DUPLICATE_METHOD_MATCH = YES;
				"CODE_SIGN_IDENTITY[sdk=iphoneos*]" = "iPhone Developer";
				COPY_PHASE_STRIP = NO;
				DEBUG_INFORMATION_FORMAT = "dwarf-with-dsym";
				ENABLE_NS_ASSERTIONS = NO;
				ENABLE_STRICT_OBJC_MSGSEND = YES;
				GCC_C_LANGUAGE_STANDARD = gnu99;
				GCC_NO_COMMON_BLOCKS = YES;
				GCC_WARN_64_TO_32_BIT_CONVERSION = YES;
				GCC_WARN_ABOUT_RETURN_TYPE = YES_ERROR;
				GCC_WARN_UNDECLARED_SELECTOR = YES;
				GCC_WARN_UNINITIALIZED_AUTOS = YES_AGGRESSIVE;
				GCC_WARN_UNUSED_FUNCTION = YES;
				GCC_WARN_UNUSED_VARIABLE = YES;
				IPHONEOS_DEPLOYMENT_TARGET = 8.0;
				MTL_ENABLE_DEBUG_INFO = NO;
				SDKROOT = iphoneos;
				TARGETED_DEVICE_FAMILY = "1,2";
				VALIDATE_PRODUCT = YES;
			};
			name = Release;
		};
		F4EEE9FD1AB8A1410049CD6C /* Debug */ = {
			isa = XCBuildConfiguration;
			buildSettings = {
				ASSETCATALOG_COMPILER_APPICON_NAME = AppIcon;
				FRAMEWORK_SEARCH_PATHS = (
					"$(inherited)",
					"$(PROJECT_DIR)",
				);
				INFOPLIST_FILE = Knuff/Info.plist;
				LD_RUNPATH_SEARCH_PATHS = "$(inherited) @executable_path/Frameworks";
				PRODUCT_NAME = "$(TARGET_NAME)";
				TARGETED_DEVICE_FAMILY = "1,2";
			};
			name = Debug;
		};
		F4EEE9FE1AB8A1410049CD6C /* Release */ = {
			isa = XCBuildConfiguration;
			buildSettings = {
				ASSETCATALOG_COMPILER_APPICON_NAME = AppIcon;
				FRAMEWORK_SEARCH_PATHS = (
					"$(inherited)",
					"$(PROJECT_DIR)",
				);
				INFOPLIST_FILE = Knuff/Info.plist;
				LD_RUNPATH_SEARCH_PATHS = "$(inherited) @executable_path/Frameworks";
				PRODUCT_NAME = "$(TARGET_NAME)";
				TARGETED_DEVICE_FAMILY = "1,2";
			};
			name = Release;
		};
		F4EEEA001AB8A1410049CD6C /* Debug */ = {
			isa = XCBuildConfiguration;
			buildSettings = {
				BUNDLE_LOADER = "$(TEST_HOST)";
				FRAMEWORK_SEARCH_PATHS = (
					"$(SDKROOT)/Developer/Library/Frameworks",
					"$(inherited)",
				);
				GCC_PREPROCESSOR_DEFINITIONS = (
					"DEBUG=1",
					"$(inherited)",
				);
				INFOPLIST_FILE = KnuffTests/Info.plist;
				LD_RUNPATH_SEARCH_PATHS = "$(inherited) @executable_path/Frameworks @loader_path/Frameworks";
				PRODUCT_NAME = "$(TARGET_NAME)";
				TEST_HOST = "$(BUILT_PRODUCTS_DIR)/Knuff.app/Knuff";
			};
			name = Debug;
		};
		F4EEEA011AB8A1410049CD6C /* Release */ = {
			isa = XCBuildConfiguration;
			buildSettings = {
				BUNDLE_LOADER = "$(TEST_HOST)";
				FRAMEWORK_SEARCH_PATHS = (
					"$(SDKROOT)/Developer/Library/Frameworks",
					"$(inherited)",
				);
				INFOPLIST_FILE = KnuffTests/Info.plist;
				LD_RUNPATH_SEARCH_PATHS = "$(inherited) @executable_path/Frameworks @loader_path/Frameworks";
				PRODUCT_NAME = "$(TARGET_NAME)";
				TEST_HOST = "$(BUILT_PRODUCTS_DIR)/Knuff.app/Knuff";
			};
			name = Release;
		};
/* End XCBuildConfiguration section */

/* Begin XCConfigurationList section */
		F4EEE9D81AB8A1410049CD6C /* Build configuration list for PBXProject "Knuff" */ = {
			isa = XCConfigurationList;
			buildConfigurations = (
				F4EEE9FA1AB8A1410049CD6C /* Debug */,
				F4EEE9FB1AB8A1410049CD6C /* Release */,
			);
			defaultConfigurationIsVisible = 0;
			defaultConfigurationName = Release;
		};
		F4EEE9FC1AB8A1410049CD6C /* Build configuration list for PBXNativeTarget "Knuff" */ = {
			isa = XCConfigurationList;
			buildConfigurations = (
				F4EEE9FD1AB8A1410049CD6C /* Debug */,
				F4EEE9FE1AB8A1410049CD6C /* Release */,
			);
			defaultConfigurationIsVisible = 0;
			defaultConfigurationName = Release;
		};
		F4EEE9FF1AB8A1410049CD6C /* Build configuration list for PBXNativeTarget "KnuffTests" */ = {
			isa = XCConfigurationList;
			buildConfigurations = (
				F4EEEA001AB8A1410049CD6C /* Debug */,
				F4EEEA011AB8A1410049CD6C /* Release */,
			);
			defaultConfigurationIsVisible = 0;
			defaultConfigurationName = Release;
		};
/* End XCConfigurationList section */
	};
	rootObject = F4EEE9D51AB8A1410049CD6C /* Project object */;
}
