// !$*UTF8*$!
{
	archiveVersion = 1;
	classes = {
	};
	objectVersion = 46;
	objects = {

/* Begin PBXBuildFile section */
		45777346143F3B284145BC4B /* Pods_Knuff.framework in Frameworks */ = {isa = PBXBuildFile; fileRef = CB2E221755652753D9C41852 /* Pods_Knuff.framework */; };
		F414D1901AC48740000E951E /* OpenSans-Light.ttf in Resources */ = {isa = PBXBuildFile; fileRef = F44BBAA71AC410BE00D23829 /* OpenSans-Light.ttf */; };
		F414D1921AC491C9000E951E /* InstructionStepView.swift in Sources */ = {isa = PBXBuildFile; fileRef = F414D1911AC491C9000E951E /* InstructionStepView.swift */; };
		F414D1941AC494A0000E951E /* CircleBadgeView.swift in Sources */ = {isa = PBXBuildFile; fileRef = F414D1931AC494A0000E951E /* CircleBadgeView.swift */; };
		F41FE2241D908DF000442AF7 /* Fabric.framework in Frameworks */ = {isa = PBXBuildFile; fileRef = F41FE2221D908DF000442AF7 /* Fabric.framework */; };
		F41FE2251D908DF000442AF7 /* Crashlytics.framework in Frameworks */ = {isa = PBXBuildFile; fileRef = F41FE2231D908DF000442AF7 /* Crashlytics.framework */; };
		F429149A1AD93D83001971BB /* GradientView.swift in Sources */ = {isa = PBXBuildFile; fileRef = F42914991AD93D83001971BB /* GradientView.swift */; };
		F4412D521ACEA45C00E667F9 /* RootViewController.swift in Sources */ = {isa = PBXBuildFile; fileRef = F4412D511ACEA45C00E667F9 /* RootViewController.swift */; };
		F4412D551ACEA9E700E667F9 /* ServiceAdvertiser.swift in Sources */ = {isa = PBXBuildFile; fileRef = F4412D541ACEA9E700E667F9 /* ServiceAdvertiser.swift */; };
		F446CA4C1AD2BF4100082BE1 /* AboutViewController.swift in Sources */ = {isa = PBXBuildFile; fileRef = F446CA4B1AD2BF4100082BE1 /* AboutViewController.swift */; };
		F446CA4E1AD2C5FA00082BE1 /* AboutCell.swift in Sources */ = {isa = PBXBuildFile; fileRef = F446CA4D1AD2C5FA00082BE1 /* AboutCell.swift */; };
		F446CA501AD3D7FE00082BE1 /* AboutTableHeaderView.swift in Sources */ = {isa = PBXBuildFile; fileRef = F446CA4F1AD3D7FE00082BE1 /* AboutTableHeaderView.swift */; };
		F44BBAAC1AC4125700D23829 /* OpenSans-Bold.ttf in Resources */ = {isa = PBXBuildFile; fileRef = F44BBAA21AC410BE00D23829 /* OpenSans-Bold.ttf */; };
		F44BBAAD1AC4126000D23829 /* OpenSans-Semibold.ttf in Resources */ = {isa = PBXBuildFile; fileRef = F44BBAAA1AC410BE00D23829 /* OpenSans-Semibold.ttf */; };
		F44BBAAE1AC4126400D23829 /* OpenSans-Regular.ttf in Resources */ = {isa = PBXBuildFile; fileRef = F44BBAA91AC410BE00D23829 /* OpenSans-Regular.ttf */; };
		F457C5E41AD45BE500472891 /* AboutTableFooterView.swift in Sources */ = {isa = PBXBuildFile; fileRef = F457C5E31AD45BE500472891 /* AboutTableFooterView.swift */; };
		F45B93B51AC943EA00DC98BF /* InfoCloseButton.swift in Sources */ = {isa = PBXBuildFile; fileRef = F45B93B41AC943EA00DC98BF /* InfoCloseButton.swift */; };
		F45E5D251ACC80FD00011212 /* FailureViewController.swift in Sources */ = {isa = PBXBuildFile; fileRef = F45E5D241ACC80FD00011212 /* FailureViewController.swift */; };
		F45E5D271ACC83E900011212 /* PulseView.swift in Sources */ = {isa = PBXBuildFile; fileRef = F45E5D261ACC83E900011212 /* PulseView.swift */; };
		F4616A551D907EAE00ECFD48 /* Settings.bundle in Resources */ = {isa = PBXBuildFile; fileRef = F4616A541D907EAE00ECFD48 /* Settings.bundle */; };
		F461CD3D1AD7CF850054AE3F /* UIImageExtensions.swift in Sources */ = {isa = PBXBuildFile; fileRef = F461CD3C1AD7CF850054AE3F /* UIImageExtensions.swift */; };
		F4742B921AC4DAF10004A353 /* InstructionsView.swift in Sources */ = {isa = PBXBuildFile; fileRef = F4742B911AC4DAF10004A353 /* InstructionsView.swift */; };
		F48350241C45A372006AEA88 /* KnuffSnapshots.swift in Sources */ = {isa = PBXBuildFile; fileRef = F48350231C45A372006AEA88 /* KnuffSnapshots.swift */; };
		F483502C1C45A3AC006AEA88 /* SnapshotHelper.swift in Sources */ = {isa = PBXBuildFile; fileRef = F483502B1C45A3AC006AEA88 /* SnapshotHelper.swift */; };
		F4B080351FBB1488007D24CB /* Button.swift in Sources */ = {isa = PBXBuildFile; fileRef = F4B080341FBB1488007D24CB /* Button.swift */; };
		F4BFB25C1AC4304000D7086A /* PushIllustrationView.swift in Sources */ = {isa = PBXBuildFile; fileRef = F4BFB25B1AC4304000D7086A /* PushIllustrationView.swift */; };
		F4E20B741ADD3BB90097709A /* DeviceView.swift in Sources */ = {isa = PBXBuildFile; fileRef = F4E20B731ADD3BB90097709A /* DeviceView.swift */; };
		F4EEE9E31AB8A1410049CD6C /* AppDelegate.swift in Sources */ = {isa = PBXBuildFile; fileRef = F4EEE9E21AB8A1410049CD6C /* AppDelegate.swift */; };
		F4EEE9EA1AB8A1410049CD6C /* Images.xcassets in Resources */ = {isa = PBXBuildFile; fileRef = F4EEE9E91AB8A1410049CD6C /* Images.xcassets */; };
		F4EEE9ED1AB8A1410049CD6C /* LaunchScreen.xib in Resources */ = {isa = PBXBuildFile; fileRef = F4EEE9EB1AB8A1410049CD6C /* LaunchScreen.xib */; };
		F4F8C2421AC4767E0089834E /* UIColorExtensions.swift in Sources */ = {isa = PBXBuildFile; fileRef = F4F8C2411AC4767E0089834E /* UIColorExtensions.swift */; };
		F4FB342C1ACAB206002B83BB /* DevicePulseView.swift in Sources */ = {isa = PBXBuildFile; fileRef = F4FB342B1ACAB206002B83BB /* DevicePulseView.swift */; };
		F4FF1CB41AC9E20600F08C9C /* IntroViewController.swift in Sources */ = {isa = PBXBuildFile; fileRef = F4FF1CB31AC9E20600F08C9C /* IntroViewController.swift */; };
		F4FF1CB81AC9FD5500F08C9C /* SuccessViewController.swift in Sources */ = {isa = PBXBuildFile; fileRef = F4FF1CB71AC9FD5500F08C9C /* SuccessViewController.swift */; };
		F4FF1CBA1AC9FD6100F08C9C /* CircleView.swift in Sources */ = {isa = PBXBuildFile; fileRef = F4FF1CB91AC9FD6100F08C9C /* CircleView.swift */; };
/* End PBXBuildFile section */

/* Begin PBXContainerItemProxy section */
		F48350261C45A372006AEA88 /* PBXContainerItemProxy */ = {
			isa = PBXContainerItemProxy;
			containerPortal = F4EEE9D51AB8A1410049CD6C /* Project object */;
			proxyType = 1;
			remoteGlobalIDString = F4EEE9DC1AB8A1410049CD6C;
			remoteInfo = Knuff;
		};
/* End PBXContainerItemProxy section */

/* Begin PBXFileReference section */
		69F3C6C9BC49D5102CF53261 /* Pods-Knuff.debug.xcconfig */ = {isa = PBXFileReference; includeInIndex = 1; lastKnownFileType = text.xcconfig; name = "Pods-Knuff.debug.xcconfig"; path = "Pods/Target Support Files/Pods-Knuff/Pods-Knuff.debug.xcconfig"; sourceTree = "<group>"; };
		CB2E221755652753D9C41852 /* Pods_Knuff.framework */ = {isa = PBXFileReference; explicitFileType = wrapper.framework; includeInIndex = 0; path = Pods_Knuff.framework; sourceTree = BUILT_PRODUCTS_DIR; };
		E178A8B3E8C69F6C25EF7B75 /* Pods-Knuff.release.xcconfig */ = {isa = PBXFileReference; includeInIndex = 1; lastKnownFileType = text.xcconfig; name = "Pods-Knuff.release.xcconfig"; path = "Pods/Target Support Files/Pods-Knuff/Pods-Knuff.release.xcconfig"; sourceTree = "<group>"; };
		F414D1911AC491C9000E951E /* InstructionStepView.swift */ = {isa = PBXFileReference; fileEncoding = 4; lastKnownFileType = sourcecode.swift; path = InstructionStepView.swift; sourceTree = "<group>"; };
		F414D1931AC494A0000E951E /* CircleBadgeView.swift */ = {isa = PBXFileReference; fileEncoding = 4; lastKnownFileType = sourcecode.swift; path = CircleBadgeView.swift; sourceTree = "<group>"; };
		F41FE2221D908DF000442AF7 /* Fabric.framework */ = {isa = PBXFileReference; lastKnownFileType = wrapper.framework; path = Fabric.framework; sourceTree = "<group>"; };
		F41FE2231D908DF000442AF7 /* Crashlytics.framework */ = {isa = PBXFileReference; lastKnownFileType = wrapper.framework; path = Crashlytics.framework; sourceTree = "<group>"; };
		F42914991AD93D83001971BB /* GradientView.swift */ = {isa = PBXFileReference; fileEncoding = 4; lastKnownFileType = sourcecode.swift; path = GradientView.swift; sourceTree = "<group>"; };
		F4412D511ACEA45C00E667F9 /* RootViewController.swift */ = {isa = PBXFileReference; fileEncoding = 4; lastKnownFileType = sourcecode.swift; path = RootViewController.swift; sourceTree = "<group>"; };
		F4412D541ACEA9E700E667F9 /* ServiceAdvertiser.swift */ = {isa = PBXFileReference; fileEncoding = 4; lastKnownFileType = sourcecode.swift; path = ServiceAdvertiser.swift; sourceTree = "<group>"; };
		F446CA4B1AD2BF4100082BE1 /* AboutViewController.swift */ = {isa = PBXFileReference; fileEncoding = 4; lastKnownFileType = sourcecode.swift; path = AboutViewController.swift; sourceTree = "<group>"; };
		F446CA4D1AD2C5FA00082BE1 /* AboutCell.swift */ = {isa = PBXFileReference; fileEncoding = 4; lastKnownFileType = sourcecode.swift; path = AboutCell.swift; sourceTree = "<group>"; };
		F446CA4F1AD3D7FE00082BE1 /* AboutTableHeaderView.swift */ = {isa = PBXFileReference; fileEncoding = 4; lastKnownFileType = sourcecode.swift; path = AboutTableHeaderView.swift; sourceTree = "<group>"; };
		F44BBAA21AC410BE00D23829 /* OpenSans-Bold.ttf */ = {isa = PBXFileReference; lastKnownFileType = file; path = "OpenSans-Bold.ttf"; sourceTree = "<group>"; };
		F44BBAA71AC410BE00D23829 /* OpenSans-Light.ttf */ = {isa = PBXFileReference; lastKnownFileType = file; path = "OpenSans-Light.ttf"; sourceTree = "<group>"; };
		F44BBAA91AC410BE00D23829 /* OpenSans-Regular.ttf */ = {isa = PBXFileReference; lastKnownFileType = file; path = "OpenSans-Regular.ttf"; sourceTree = "<group>"; };
		F44BBAAA1AC410BE00D23829 /* OpenSans-Semibold.ttf */ = {isa = PBXFileReference; lastKnownFileType = file; path = "OpenSans-Semibold.ttf"; sourceTree = "<group>"; };
		F457C5E31AD45BE500472891 /* AboutTableFooterView.swift */ = {isa = PBXFileReference; fileEncoding = 4; lastKnownFileType = sourcecode.swift; path = AboutTableFooterView.swift; sourceTree = "<group>"; };
		F45B93B41AC943EA00DC98BF /* InfoCloseButton.swift */ = {isa = PBXFileReference; fileEncoding = 4; lastKnownFileType = sourcecode.swift; path = InfoCloseButton.swift; sourceTree = "<group>"; };
		F45E5D241ACC80FD00011212 /* FailureViewController.swift */ = {isa = PBXFileReference; fileEncoding = 4; lastKnownFileType = sourcecode.swift; path = FailureViewController.swift; sourceTree = "<group>"; };
		F45E5D261ACC83E900011212 /* PulseView.swift */ = {isa = PBXFileReference; fileEncoding = 4; lastKnownFileType = sourcecode.swift; path = PulseView.swift; sourceTree = "<group>"; };
		F4616A541D907EAE00ECFD48 /* Settings.bundle */ = {isa = PBXFileReference; lastKnownFileType = "wrapper.plug-in"; path = Settings.bundle; sourceTree = "<group>"; };
		F461CD3C1AD7CF850054AE3F /* UIImageExtensions.swift */ = {isa = PBXFileReference; fileEncoding = 4; lastKnownFileType = sourcecode.swift; path = UIImageExtensions.swift; sourceTree = "<group>"; };
		F4742B911AC4DAF10004A353 /* InstructionsView.swift */ = {isa = PBXFileReference; fileEncoding = 4; lastKnownFileType = sourcecode.swift; path = InstructionsView.swift; sourceTree = "<group>"; };
		F48350211C45A372006AEA88 /* KnuffSnapshots.xctest */ = {isa = PBXFileReference; explicitFileType = wrapper.cfbundle; includeInIndex = 0; path = KnuffSnapshots.xctest; sourceTree = BUILT_PRODUCTS_DIR; };
		F48350231C45A372006AEA88 /* KnuffSnapshots.swift */ = {isa = PBXFileReference; lastKnownFileType = sourcecode.swift; path = KnuffSnapshots.swift; sourceTree = "<group>"; };
		F48350251C45A372006AEA88 /* Info.plist */ = {isa = PBXFileReference; lastKnownFileType = text.plist.xml; path = Info.plist; sourceTree = "<group>"; };
		F483502B1C45A3AC006AEA88 /* SnapshotHelper.swift */ = {isa = PBXFileReference; fileEncoding = 4; lastKnownFileType = sourcecode.swift; path = SnapshotHelper.swift; sourceTree = "<group>"; };
		F4B080341FBB1488007D24CB /* Button.swift */ = {isa = PBXFileReference; lastKnownFileType = sourcecode.swift; path = Button.swift; sourceTree = "<group>"; };
		F4BFB25B1AC4304000D7086A /* PushIllustrationView.swift */ = {isa = PBXFileReference; fileEncoding = 4; lastKnownFileType = sourcecode.swift; path = PushIllustrationView.swift; sourceTree = "<group>"; };
		F4E20B731ADD3BB90097709A /* DeviceView.swift */ = {isa = PBXFileReference; fileEncoding = 4; lastKnownFileType = sourcecode.swift; path = DeviceView.swift; sourceTree = "<group>"; };
		F4EE15181AFF65DD00F86C2A /* Bridge.h */ = {isa = PBXFileReference; lastKnownFileType = sourcecode.c.h; path = Bridge.h; sourceTree = "<group>"; };
		F4EEE9DD1AB8A1410049CD6C /* Knuff.app */ = {isa = PBXFileReference; explicitFileType = wrapper.application; includeInIndex = 0; path = Knuff.app; sourceTree = BUILT_PRODUCTS_DIR; };
		F4EEE9E11AB8A1410049CD6C /* Info.plist */ = {isa = PBXFileReference; lastKnownFileType = text.plist.xml; path = Info.plist; sourceTree = "<group>"; };
		F4EEE9E21AB8A1410049CD6C /* AppDelegate.swift */ = {isa = PBXFileReference; lastKnownFileType = sourcecode.swift; path = AppDelegate.swift; sourceTree = "<group>"; };
		F4EEE9E91AB8A1410049CD6C /* Images.xcassets */ = {isa = PBXFileReference; lastKnownFileType = folder.assetcatalog; path = Images.xcassets; sourceTree = "<group>"; };
		F4EEE9EC1AB8A1410049CD6C /* Base */ = {isa = PBXFileReference; lastKnownFileType = file.xib; name = Base; path = Base.lproj/LaunchScreen.xib; sourceTree = "<group>"; };
		F4F8C2411AC4767E0089834E /* UIColorExtensions.swift */ = {isa = PBXFileReference; fileEncoding = 4; lastKnownFileType = sourcecode.swift; path = UIColorExtensions.swift; sourceTree = "<group>"; };
		F4FB342B1ACAB206002B83BB /* DevicePulseView.swift */ = {isa = PBXFileReference; fileEncoding = 4; lastKnownFileType = sourcecode.swift; path = DevicePulseView.swift; sourceTree = "<group>"; };
		F4FF1CB31AC9E20600F08C9C /* IntroViewController.swift */ = {isa = PBXFileReference; fileEncoding = 4; lastKnownFileType = sourcecode.swift; path = IntroViewController.swift; sourceTree = "<group>"; };
		F4FF1CB71AC9FD5500F08C9C /* SuccessViewController.swift */ = {isa = PBXFileReference; fileEncoding = 4; lastKnownFileType = sourcecode.swift; path = SuccessViewController.swift; sourceTree = "<group>"; };
		F4FF1CB91AC9FD6100F08C9C /* CircleView.swift */ = {isa = PBXFileReference; fileEncoding = 4; lastKnownFileType = sourcecode.swift; path = CircleView.swift; sourceTree = "<group>"; };
/* End PBXFileReference section */

/* Begin PBXFrameworksBuildPhase section */
		F483501E1C45A372006AEA88 /* Frameworks */ = {
			isa = PBXFrameworksBuildPhase;
			buildActionMask = 2147483647;
			files = (
			);
			runOnlyForDeploymentPostprocessing = 0;
		};
		F4EEE9DA1AB8A1410049CD6C /* Frameworks */ = {
			isa = PBXFrameworksBuildPhase;
			buildActionMask = 2147483647;
			files = (
				45777346143F3B284145BC4B /* Pods_Knuff.framework in Frameworks */,
				F41FE2251D908DF000442AF7 /* Crashlytics.framework in Frameworks */,
				F41FE2241D908DF000442AF7 /* Fabric.framework in Frameworks */,
			);
			runOnlyForDeploymentPostprocessing = 0;
		};
/* End PBXFrameworksBuildPhase section */

/* Begin PBXGroup section */
		7223CD41CDC057D359A3C8B6 /* Pods */ = {
			isa = PBXGroup;
			children = (
				69F3C6C9BC49D5102CF53261 /* Pods-Knuff.debug.xcconfig */,
				E178A8B3E8C69F6C25EF7B75 /* Pods-Knuff.release.xcconfig */,
			);
			name = Pods;
			sourceTree = "<group>";
		};
		9DB5FF18B58D5F5FF3926481 /* Frameworks */ = {
			isa = PBXGroup;
			children = (
				F41FE2221D908DF000442AF7 /* Fabric.framework */,
				F41FE2231D908DF000442AF7 /* Crashlytics.framework */,
				CB2E221755652753D9C41852 /* Pods_Knuff.framework */,
			);
			name = Frameworks;
			sourceTree = "<group>";
		};
		F4412D531ACEA96E00E667F9 /* Controllers */ = {
			isa = PBXGroup;
			children = (
				F4412D541ACEA9E700E667F9 /* ServiceAdvertiser.swift */,
			);
			path = Controllers;
			sourceTree = "<group>";
		};
		F44BBAA11AC410A500D23829 /* Fonts */ = {
			isa = PBXGroup;
			children = (
				F44BBAA21AC410BE00D23829 /* OpenSans-Bold.ttf */,
				F44BBAA71AC410BE00D23829 /* OpenSans-Light.ttf */,
				F44BBAA91AC410BE00D23829 /* OpenSans-Regular.ttf */,
				F44BBAAA1AC410BE00D23829 /* OpenSans-Semibold.ttf */,
			);
			path = Fonts;
			sourceTree = "<group>";
		};
		F48350221C45A372006AEA88 /* KnuffSnapshots */ = {
			isa = PBXGroup;
			children = (
				F483502B1C45A3AC006AEA88 /* SnapshotHelper.swift */,
				F48350231C45A372006AEA88 /* KnuffSnapshots.swift */,
				F48350251C45A372006AEA88 /* Info.plist */,
			);
			path = KnuffSnapshots;
			sourceTree = "<group>";
		};
		F4BFB25A1AC4301D00D7086A /* Views */ = {
			isa = PBXGroup;
			children = (
				F4BFB25B1AC4304000D7086A /* PushIllustrationView.swift */,
				F414D1931AC494A0000E951E /* CircleBadgeView.swift */,
				F414D1911AC491C9000E951E /* InstructionStepView.swift */,
				F4742B911AC4DAF10004A353 /* InstructionsView.swift */,
				F45B93B41AC943EA00DC98BF /* InfoCloseButton.swift */,
				F4FF1CB91AC9FD6100F08C9C /* CircleView.swift */,
				F4FB342B1ACAB206002B83BB /* DevicePulseView.swift */,
				F45E5D261ACC83E900011212 /* PulseView.swift */,
				F446CA4D1AD2C5FA00082BE1 /* AboutCell.swift */,
				F446CA4F1AD3D7FE00082BE1 /* AboutTableHeaderView.swift */,
				F457C5E31AD45BE500472891 /* AboutTableFooterView.swift */,
				F42914991AD93D83001971BB /* GradientView.swift */,
				F4E20B731ADD3BB90097709A /* DeviceView.swift */,
				F4B080341FBB1488007D24CB /* Button.swift */,
			);
			path = Views;
			sourceTree = "<group>";
		};
		F4EEE9D41AB8A1410049CD6C = {
			isa = PBXGroup;
			children = (
				F4EEE9DF1AB8A1410049CD6C /* Knuff */,
				F48350221C45A372006AEA88 /* KnuffSnapshots */,
				F4EEE9DE1AB8A1410049CD6C /* Products */,
				7223CD41CDC057D359A3C8B6 /* Pods */,
				9DB5FF18B58D5F5FF3926481 /* Frameworks */,
			);
			sourceTree = "<group>";
		};
		F4EEE9DE1AB8A1410049CD6C /* Products */ = {
			isa = PBXGroup;
			children = (
				F4EEE9DD1AB8A1410049CD6C /* Knuff.app */,
				F48350211C45A372006AEA88 /* KnuffSnapshots.xctest */,
			);
			name = Products;
			sourceTree = "<group>";
		};
		F4EEE9DF1AB8A1410049CD6C /* Knuff */ = {
			isa = PBXGroup;
			children = (
				F4412D531ACEA96E00E667F9 /* Controllers */,
				F4FF1CB21AC9E19F00F08C9C /* ViewControllers */,
				F4F8C2401AC476590089834E /* Extensions */,
				F4BFB25A1AC4301D00D7086A /* Views */,
				F44BBAA11AC410A500D23829 /* Fonts */,
				F4EEE9E21AB8A1410049CD6C /* AppDelegate.swift */,
				F4EEE9E91AB8A1410049CD6C /* Images.xcassets */,
				F4EEE9EB1AB8A1410049CD6C /* LaunchScreen.xib */,
				F4EEE9E01AB8A1410049CD6C /* Supporting Files */,
				F4616A541D907EAE00ECFD48 /* Settings.bundle */,
			);
			path = Knuff;
			sourceTree = "<group>";
		};
		F4EEE9E01AB8A1410049CD6C /* Supporting Files */ = {
			isa = PBXGroup;
			children = (
				F4EEE9E11AB8A1410049CD6C /* Info.plist */,
				F4EE15181AFF65DD00F86C2A /* Bridge.h */,
			);
			name = "Supporting Files";
			sourceTree = "<group>";
		};
		F4F8C2401AC476590089834E /* Extensions */ = {
			isa = PBXGroup;
			children = (
				F4F8C2411AC4767E0089834E /* UIColorExtensions.swift */,
				F461CD3C1AD7CF850054AE3F /* UIImageExtensions.swift */,
			);
			path = Extensions;
			sourceTree = "<group>";
		};
		F4FF1CB21AC9E19F00F08C9C /* ViewControllers */ = {
			isa = PBXGroup;
			children = (
				F4FF1CB31AC9E20600F08C9C /* IntroViewController.swift */,
				F4FF1CB71AC9FD5500F08C9C /* SuccessViewController.swift */,
				F45E5D241ACC80FD00011212 /* FailureViewController.swift */,
				F4412D511ACEA45C00E667F9 /* RootViewController.swift */,
				F446CA4B1AD2BF4100082BE1 /* AboutViewController.swift */,
			);
			path = ViewControllers;
			sourceTree = "<group>";
		};
/* End PBXGroup section */

/* Begin PBXNativeTarget section */
		F48350201C45A372006AEA88 /* KnuffSnapshots */ = {
			isa = PBXNativeTarget;
			buildConfigurationList = F48350281C45A372006AEA88 /* Build configuration list for PBXNativeTarget "KnuffSnapshots" */;
			buildPhases = (
				F483501D1C45A372006AEA88 /* Sources */,
				F483501E1C45A372006AEA88 /* Frameworks */,
				F483501F1C45A372006AEA88 /* Resources */,
			);
			buildRules = (
			);
			dependencies = (
				F48350271C45A372006AEA88 /* PBXTargetDependency */,
			);
			name = KnuffSnapshots;
			productName = KnuffSnapshots;
			productReference = F48350211C45A372006AEA88 /* KnuffSnapshots.xctest */;
			productType = "com.apple.product-type.bundle.ui-testing";
		};
		F4EEE9DC1AB8A1410049CD6C /* Knuff */ = {
			isa = PBXNativeTarget;
			buildConfigurationList = F4EEE9FC1AB8A1410049CD6C /* Build configuration list for PBXNativeTarget "Knuff" */;
			buildPhases = (
				F69F4DC1B34EB62EFE5DCCA2 /* [CP] Check Pods Manifest.lock */,
				F4EEE9D91AB8A1410049CD6C /* Sources */,
				F4EEE9DA1AB8A1410049CD6C /* Frameworks */,
				F4EEE9DB1AB8A1410049CD6C /* Resources */,
				AA79F46A7FC7C7A4784B23DD /* [CP] Embed Pods Frameworks */,
				1F0F787079C8738461F89FE1 /* [CP] Copy Pods Resources */,
				F41FE2211D908DC000442AF7 /* ShellScript */,
			);
			buildRules = (
			);
			dependencies = (
			);
			name = Knuff;
			productName = Knuff;
			productReference = F4EEE9DD1AB8A1410049CD6C /* Knuff.app */;
			productType = "com.apple.product-type.application";
		};
/* End PBXNativeTarget section */

/* Begin PBXProject section */
		F4EEE9D51AB8A1410049CD6C /* Project object */ = {
			isa = PBXProject;
			attributes = {
				LastSwiftMigration = 0720;
				LastSwiftUpdateCheck = 0720;
				LastUpgradeCheck = 0910;
				ORGANIZATIONNAME = Bowtie;
				TargetAttributes = {
					F48350201C45A372006AEA88 = {
						CreatedOnToolsVersion = 7.2;
						LastSwiftMigration = 0910;
						TestTargetID = F4EEE9DC1AB8A1410049CD6C;
					};
					F4EEE9DC1AB8A1410049CD6C = {
						CreatedOnToolsVersion = 6.3;
						LastSwiftMigration = 0910;
						ProvisioningStyle = Manual;
						SystemCapabilities = {
							com.apple.GameCenter = {
								enabled = 0;
							};
							com.apple.InAppPurchase = {
								enabled = 0;
							};
						};
					};
				};
			};
			buildConfigurationList = F4EEE9D81AB8A1410049CD6C /* Build configuration list for PBXProject "Knuff" */;
			compatibilityVersion = "Xcode 3.2";
			developmentRegion = English;
			hasScannedForEncodings = 0;
			knownRegions = (
				en,
				Base,
			);
			mainGroup = F4EEE9D41AB8A1410049CD6C;
			productRefGroup = F4EEE9DE1AB8A1410049CD6C /* Products */;
			projectDirPath = "";
			projectRoot = "";
			targets = (
				F4EEE9DC1AB8A1410049CD6C /* Knuff */,
				F48350201C45A372006AEA88 /* KnuffSnapshots */,
			);
		};
/* End PBXProject section */

/* Begin PBXResourcesBuildPhase section */
		F483501F1C45A372006AEA88 /* Resources */ = {
			isa = PBXResourcesBuildPhase;
			buildActionMask = 2147483647;
			files = (
			);
			runOnlyForDeploymentPostprocessing = 0;
		};
		F4EEE9DB1AB8A1410049CD6C /* Resources */ = {
			isa = PBXResourcesBuildPhase;
			buildActionMask = 2147483647;
			files = (
				F414D1901AC48740000E951E /* OpenSans-Light.ttf in Resources */,
				F44BBAAC1AC4125700D23829 /* OpenSans-Bold.ttf in Resources */,
				F44BBAAD1AC4126000D23829 /* OpenSans-Semibold.ttf in Resources */,
				F44BBAAE1AC4126400D23829 /* OpenSans-Regular.ttf in Resources */,
				F4EEE9ED1AB8A1410049CD6C /* LaunchScreen.xib in Resources */,
				F4EEE9EA1AB8A1410049CD6C /* Images.xcassets in Resources */,
				F4616A551D907EAE00ECFD48 /* Settings.bundle in Resources */,
			);
			runOnlyForDeploymentPostprocessing = 0;
		};
/* End PBXResourcesBuildPhase section */

/* Begin PBXShellScriptBuildPhase section */
		1F0F787079C8738461F89FE1 /* [CP] Copy Pods Resources */ = {
			isa = PBXShellScriptBuildPhase;
			buildActionMask = 2147483647;
			files = (
			);
			inputPaths = (
			);
			name = "[CP] Copy Pods Resources";
			outputPaths = (
			);
			runOnlyForDeploymentPostprocessing = 0;
			shellPath = /bin/sh;
			shellScript = "\"${SRCROOT}/Pods/Target Support Files/Pods-Knuff/Pods-Knuff-resources.sh\"\n";
			showEnvVarsInLog = 0;
		};
		AA79F46A7FC7C7A4784B23DD /* [CP] Embed Pods Frameworks */ = {
			isa = PBXShellScriptBuildPhase;
			buildActionMask = 2147483647;
			files = (
			);
			inputPaths = (
				"${SRCROOT}/Pods/Target Support Files/Pods-Knuff/Pods-Knuff-frameworks.sh",
				"${BUILT_PRODUCTS_DIR}/pop/pop.framework",
			);
			name = "[CP] Embed Pods Frameworks";
			outputPaths = (
				"${TARGET_BUILD_DIR}/${FRAMEWORKS_FOLDER_PATH}/pop.framework",
			);
			runOnlyForDeploymentPostprocessing = 0;
			shellPath = /bin/sh;
			shellScript = "\"${SRCROOT}/Pods/Target Support Files/Pods-Knuff/Pods-Knuff-frameworks.sh\"\n";
			showEnvVarsInLog = 0;
		};
		F41FE2211D908DC000442AF7 /* ShellScript */ = {
			isa = PBXShellScriptBuildPhase;
			buildActionMask = 2147483647;
			files = (
			);
			inputPaths = (
			);
			outputPaths = (
			);
			runOnlyForDeploymentPostprocessing = 0;
			shellPath = /bin/sh;
			shellScript = "./Fabric.framework/run a944252ee77026be3648fe128dd36d4038925030 84cbc9fe10648575ebfe5cd5c815eeec6b6e3d27336836f293fa8a5ddd72b2c0";
		};
		F69F4DC1B34EB62EFE5DCCA2 /* [CP] Check Pods Manifest.lock */ = {
			isa = PBXShellScriptBuildPhase;
			buildActionMask = 2147483647;
			files = (
			);
			inputPaths = (
				"${PODS_PODFILE_DIR_PATH}/Podfile.lock",
				"${PODS_ROOT}/Manifest.lock",
			);
			name = "[CP] Check Pods Manifest.lock";
			outputPaths = (
				"$(DERIVED_FILE_DIR)/Pods-Knuff-checkManifestLockResult.txt",
			);
			runOnlyForDeploymentPostprocessing = 0;
			shellPath = /bin/sh;
			shellScript = "diff \"${PODS_PODFILE_DIR_PATH}/Podfile.lock\" \"${PODS_ROOT}/Manifest.lock\" > /dev/null\nif [ $? != 0 ] ; then\n    # print error to STDERR\n    echo \"error: The sandbox is not in sync with the Podfile.lock. Run 'pod install' or update your CocoaPods installation.\" >&2\n    exit 1\nfi\n# This output is used by Xcode 'outputs' to avoid re-running this script phase.\necho \"SUCCESS\" > \"${SCRIPT_OUTPUT_FILE_0}\"\n";
			showEnvVarsInLog = 0;
		};
/* End PBXShellScriptBuildPhase section */

/* Begin PBXSourcesBuildPhase section */
		F483501D1C45A372006AEA88 /* Sources */ = {
			isa = PBXSourcesBuildPhase;
			buildActionMask = 2147483647;
			files = (
				F48350241C45A372006AEA88 /* KnuffSnapshots.swift in Sources */,
				F483502C1C45A3AC006AEA88 /* SnapshotHelper.swift in Sources */,
			);
			runOnlyForDeploymentPostprocessing = 0;
		};
		F4EEE9D91AB8A1410049CD6C /* Sources */ = {
			isa = PBXSourcesBuildPhase;
			buildActionMask = 2147483647;
			files = (
				F457C5E41AD45BE500472891 /* AboutTableFooterView.swift in Sources */,
				F4B080351FBB1488007D24CB /* Button.swift in Sources */,
				F414D1921AC491C9000E951E /* InstructionStepView.swift in Sources */,
				F4412D521ACEA45C00E667F9 /* RootViewController.swift in Sources */,
				F446CA501AD3D7FE00082BE1 /* AboutTableHeaderView.swift in Sources */,
				F4412D551ACEA9E700E667F9 /* ServiceAdvertiser.swift in Sources */,
				F4742B921AC4DAF10004A353 /* InstructionsView.swift in Sources */,
				F4E20B741ADD3BB90097709A /* DeviceView.swift in Sources */,
				F4F8C2421AC4767E0089834E /* UIColorExtensions.swift in Sources */,
				F461CD3D1AD7CF850054AE3F /* UIImageExtensions.swift in Sources */,
				F4FF1CB41AC9E20600F08C9C /* IntroViewController.swift in Sources */,
				F4BFB25C1AC4304000D7086A /* PushIllustrationView.swift in Sources */,
				F45B93B51AC943EA00DC98BF /* InfoCloseButton.swift in Sources */,
				F429149A1AD93D83001971BB /* GradientView.swift in Sources */,
				F446CA4C1AD2BF4100082BE1 /* AboutViewController.swift in Sources */,
				F414D1941AC494A0000E951E /* CircleBadgeView.swift in Sources */,
				F4EEE9E31AB8A1410049CD6C /* AppDelegate.swift in Sources */,
				F4FB342C1ACAB206002B83BB /* DevicePulseView.swift in Sources */,
				F4FF1CBA1AC9FD6100F08C9C /* CircleView.swift in Sources */,
				F45E5D251ACC80FD00011212 /* FailureViewController.swift in Sources */,
				F4FF1CB81AC9FD5500F08C9C /* SuccessViewController.swift in Sources */,
				F446CA4E1AD2C5FA00082BE1 /* AboutCell.swift in Sources */,
				F45E5D271ACC83E900011212 /* PulseView.swift in Sources */,
			);
			runOnlyForDeploymentPostprocessing = 0;
		};
/* End PBXSourcesBuildPhase section */

/* Begin PBXTargetDependency section */
		F48350271C45A372006AEA88 /* PBXTargetDependency */ = {
			isa = PBXTargetDependency;
			target = F4EEE9DC1AB8A1410049CD6C /* Knuff */;
			targetProxy = F48350261C45A372006AEA88 /* PBXContainerItemProxy */;
		};
/* End PBXTargetDependency section */

/* Begin PBXVariantGroup section */
		F4EEE9EB1AB8A1410049CD6C /* LaunchScreen.xib */ = {
			isa = PBXVariantGroup;
			children = (
				F4EEE9EC1AB8A1410049CD6C /* Base */,
			);
			name = LaunchScreen.xib;
			sourceTree = "<group>";
		};
/* End PBXVariantGroup section */

/* Begin XCBuildConfiguration section */
		F48350291C45A372006AEA88 /* Debug */ = {
			isa = XCBuildConfiguration;
			buildSettings = {
				INFOPLIST_FILE = KnuffSnapshots/Info.plist;
				IPHONEOS_DEPLOYMENT_TARGET = 9.2;
				LD_RUNPATH_SEARCH_PATHS = "$(inherited) @executable_path/Frameworks @loader_path/Frameworks";
				PRODUCT_BUNDLE_IDENTIFIER = com.madebybowtie.KnuffSnapshots;
				PRODUCT_NAME = "$(TARGET_NAME)";
				SWIFT_SWIFT3_OBJC_INFERENCE = On;
				SWIFT_VERSION = 4.0;
				TEST_TARGET_NAME = Knuff;
				USES_XCTRUNNER = YES;
			};
			name = Debug;
		};
		F483502A1C45A372006AEA88 /* Release */ = {
			isa = XCBuildConfiguration;
			buildSettings = {
				INFOPLIST_FILE = KnuffSnapshots/Info.plist;
				IPHONEOS_DEPLOYMENT_TARGET = 9.2;
				LD_RUNPATH_SEARCH_PATHS = "$(inherited) @executable_path/Frameworks @loader_path/Frameworks";
				PRODUCT_BUNDLE_IDENTIFIER = com.madebybowtie.KnuffSnapshots;
				PRODUCT_NAME = "$(TARGET_NAME)";
				SWIFT_SWIFT3_OBJC_INFERENCE = On;
				SWIFT_VERSION = 4.0;
				TEST_TARGET_NAME = Knuff;
				USES_XCTRUNNER = YES;
			};
			name = Release;
		};
		F4EEE9FA1AB8A1410049CD6C /* Debug */ = {
			isa = XCBuildConfiguration;
			buildSettings = {
				ALWAYS_SEARCH_USER_PATHS = NO;
				CLANG_CXX_LANGUAGE_STANDARD = "gnu++0x";
				CLANG_CXX_LIBRARY = "libc++";
				CLANG_ENABLE_MODULES = YES;
				CLANG_ENABLE_OBJC_ARC = YES;
				CLANG_WARN_BLOCK_CAPTURE_AUTORELEASING = YES;
				CLANG_WARN_BOOL_CONVERSION = YES;
				CLANG_WARN_COMMA = YES;
				CLANG_WARN_CONSTANT_CONVERSION = YES;
				CLANG_WARN_DIRECT_OBJC_ISA_USAGE = YES_ERROR;
				CLANG_WARN_EMPTY_BODY = YES;
				CLANG_WARN_ENUM_CONVERSION = YES;
				CLANG_WARN_INFINITE_RECURSION = YES;
				CLANG_WARN_INT_CONVERSION = YES;
				CLANG_WARN_NON_LITERAL_NULL_CONVERSION = YES;
				CLANG_WARN_OBJC_LITERAL_CONVERSION = YES;
				CLANG_WARN_OBJC_ROOT_CLASS = YES_ERROR;
				CLANG_WARN_RANGE_LOOP_ANALYSIS = YES;
				CLANG_WARN_STRICT_PROTOTYPES = YES;
				CLANG_WARN_SUSPICIOUS_MOVE = YES;
				CLANG_WARN_UNREACHABLE_CODE = YES;
				CLANG_WARN__DUPLICATE_METHOD_MATCH = YES;
				"CODE_SIGN_IDENTITY[sdk=iphoneos*]" = "iPhone Developer";
				COPY_PHASE_STRIP = NO;
				ENABLE_STRICT_OBJC_MSGSEND = YES;
				ENABLE_TESTABILITY = YES;
				GCC_C_LANGUAGE_STANDARD = gnu99;
				GCC_DYNAMIC_NO_PIC = NO;
				GCC_NO_COMMON_BLOCKS = YES;
				GCC_OPTIMIZATION_LEVEL = 0;
				GCC_PREPROCESSOR_DEFINITIONS = (
					"DEBUG=1",
					"$(inherited)",
				);
				GCC_SYMBOLS_PRIVATE_EXTERN = NO;
				GCC_WARN_64_TO_32_BIT_CONVERSION = YES;
				GCC_WARN_ABOUT_RETURN_TYPE = YES_ERROR;
				GCC_WARN_UNDECLARED_SELECTOR = YES;
				GCC_WARN_UNINITIALIZED_AUTOS = YES_AGGRESSIVE;
				GCC_WARN_UNUSED_FUNCTION = YES;
				GCC_WARN_UNUSED_VARIABLE = YES;
				IPHONEOS_DEPLOYMENT_TARGET = 8.0;
				MTL_ENABLE_DEBUG_INFO = YES;
				ONLY_ACTIVE_ARCH = YES;
				SDKROOT = iphoneos;
				SWIFT_OPTIMIZATION_LEVEL = "-Onone";
				TARGETED_DEVICE_FAMILY = "1,2";
			};
			name = Debug;
		};
		F4EEE9FB1AB8A1410049CD6C /* Release */ = {
			isa = XCBuildConfiguration;
			buildSettings = {
				ALWAYS_SEARCH_USER_PATHS = NO;
				CLANG_CXX_LANGUAGE_STANDARD = "gnu++0x";
				CLANG_CXX_LIBRARY = "libc++";
				CLANG_ENABLE_MODULES = YES;
				CLANG_ENABLE_OBJC_ARC = YES;
				CLANG_WARN_BLOCK_CAPTURE_AUTORELEASING = YES;
				CLANG_WARN_BOOL_CONVERSION = YES;
				CLANG_WARN_COMMA = YES;
				CLANG_WARN_CONSTANT_CONVERSION = YES;
				CLANG_WARN_DIRECT_OBJC_ISA_USAGE = YES_ERROR;
				CLANG_WARN_EMPTY_BODY = YES;
				CLANG_WARN_ENUM_CONVERSION = YES;
				CLANG_WARN_INFINITE_RECURSION = YES;
				CLANG_WARN_INT_CONVERSION = YES;
				CLANG_WARN_NON_LITERAL_NULL_CONVERSION = YES;
				CLANG_WARN_OBJC_LITERAL_CONVERSION = YES;
				CLANG_WARN_OBJC_ROOT_CLASS = YES_ERROR;
				CLANG_WARN_RANGE_LOOP_ANALYSIS = YES;
				CLANG_WARN_STRICT_PROTOTYPES = YES;
				CLANG_WARN_SUSPICIOUS_MOVE = YES;
				CLANG_WARN_UNREACHABLE_CODE = YES;
				CLANG_WARN__DUPLICATE_METHOD_MATCH = YES;
				"CODE_SIGN_IDENTITY[sdk=iphoneos*]" = "iPhone Developer";
				COPY_PHASE_STRIP = NO;
				ENABLE_NS_ASSERTIONS = NO;
				ENABLE_STRICT_OBJC_MSGSEND = YES;
				GCC_C_LANGUAGE_STANDARD = gnu99;
				GCC_NO_COMMON_BLOCKS = YES;
				GCC_WARN_64_TO_32_BIT_CONVERSION = YES;
				GCC_WARN_ABOUT_RETURN_TYPE = YES_ERROR;
				GCC_WARN_UNDECLARED_SELECTOR = YES;
				GCC_WARN_UNINITIALIZED_AUTOS = YES_AGGRESSIVE;
				GCC_WARN_UNUSED_FUNCTION = YES;
				GCC_WARN_UNUSED_VARIABLE = YES;
				IPHONEOS_DEPLOYMENT_TARGET = 8.0;
				MTL_ENABLE_DEBUG_INFO = NO;
				SDKROOT = iphoneos;
				SWIFT_OPTIMIZATION_LEVEL = "-Owholemodule";
				TARGETED_DEVICE_FAMILY = "1,2";
				VALIDATE_PRODUCT = YES;
			};
			name = Release;
		};
		F4EEE9FD1AB8A1410049CD6C /* Debug */ = {
			isa = XCBuildConfiguration;
			baseConfigurationReference = 69F3C6C9BC49D5102CF53261 /* Pods-Knuff.debug.xcconfig */;
			buildSettings = {
				ASSETCATALOG_COMPILER_APPICON_NAME = AppIcon;
				CODE_SIGN_IDENTITY = "iPhone Developer";
				"CODE_SIGN_IDENTITY[sdk=iphoneos*]" = "iPhone Developer";
				CODE_SIGN_STYLE = Manual;
				DEFINES_MODULE = YES;
				DEVELOPMENT_TEAM = "";
				FRAMEWORK_SEARCH_PATHS = (
					"$(inherited)",
					"$(PROJECT_DIR)",
				);
				INFOPLIST_FILE = Knuff/Info.plist;
				IPHONEOS_DEPLOYMENT_TARGET = 9.0;
				LD_RUNPATH_SEARCH_PATHS = "$(inherited) @executable_path/Frameworks";
				PRODUCT_BUNDLE_IDENTIFIER = "com.madebybowtie.Knuff-iOS";
				PRODUCT_NAME = "$(TARGET_NAME)";
				PROVISIONING_PROFILE = "";
				PROVISIONING_PROFILE_SPECIFIER = "";
				SWIFT_OBJC_BRIDGING_HEADER = Knuff/Bridge.h;
				SWIFT_VERSION = 4.0;
				TARGETED_DEVICE_FAMILY = "1,2";
			};
			name = Debug;
		};
		F4EEE9FE1AB8A1410049CD6C /* Release */ = {
			isa = XCBuildConfiguration;
			baseConfigurationReference = E178A8B3E8C69F6C25EF7B75 /* Pods-Knuff.release.xcconfig */;
			buildSettings = {
				ASSETCATALOG_COMPILER_APPICON_NAME = AppIcon;
				CODE_SIGN_IDENTITY = "iPhone Distribution: Bowtie AB (N2ML8MSSRH)";
				"CODE_SIGN_IDENTITY[sdk=iphoneos*]" = "iPhone Distribution";
				CODE_SIGN_STYLE = Manual;
				DEFINES_MODULE = YES;
				DEVELOPMENT_TEAM = N2ML8MSSRH;
				FRAMEWORK_SEARCH_PATHS = (
					"$(inherited)",
					"$(PROJECT_DIR)",
				);
				INFOPLIST_FILE = Knuff/Info.plist;
				IPHONEOS_DEPLOYMENT_TARGET = 9.0;
				LD_RUNPATH_SEARCH_PATHS = "$(inherited) @executable_path/Frameworks";
				PRODUCT_BUNDLE_IDENTIFIER = "com.madebybowtie.Knuff-iOS";
				PRODUCT_NAME = "$(TARGET_NAME)";
				PROVISIONING_PROFILE = "cd827918-5b15-4365-b3a7-413d4db132cb";
				PROVISIONING_PROFILE_SPECIFIER = "com.madebybowtie.Knuff-iOS AppStore";
				SWIFT_OBJC_BRIDGING_HEADER = Knuff/Bridge.h;
				SWIFT_VERSION = 4.0;
				TARGETED_DEVICE_FAMILY = "1,2";
			};
			name = Release;
		};
/* End XCBuildConfiguration section */

/* Begin XCConfigurationList section */
		F48350281C45A372006AEA88 /* Build configuration list for PBXNativeTarget "KnuffSnapshots" */ = {
			isa = XCConfigurationList;
			buildConfigurations = (
				F48350291C45A372006AEA88 /* Debug */,
				F483502A1C45A372006AEA88 /* Release */,
			);
			defaultConfigurationIsVisible = 0;
			defaultConfigurationName = Release;
		};
		F4EEE9D81AB8A1410049CD6C /* Build configuration list for PBXProject "Knuff" */ = {
			isa = XCConfigurationList;
			buildConfigurations = (
				F4EEE9FA1AB8A1410049CD6C /* Debug */,
				F4EEE9FB1AB8A1410049CD6C /* Release */,
			);
			defaultConfigurationIsVisible = 0;
			defaultConfigurationName = Release;
		};
		F4EEE9FC1AB8A1410049CD6C /* Build configuration list for PBXNativeTarget "Knuff" */ = {
			isa = XCConfigurationList;
			buildConfigurations = (
				F4EEE9FD1AB8A1410049CD6C /* Debug */,
				F4EEE9FE1AB8A1410049CD6C /* Release */,
			);
			defaultConfigurationIsVisible = 0;
			defaultConfigurationName = Release;
		};
/* End XCConfigurationList section */
	};
	rootObject = F4EEE9D51AB8A1410049CD6C /* Project object */;
}
